
Microsoft Visual Studio Solution File, Format Version 12.00
# Visual Studio 15
VisualStudioVersion = 15.0.35431.46
MinimumVisualStudioVersion = 10.0.40219.1
Project("{FAE04EC0-301F-11D3-BF4B-00C04F79EFBC}") = "RentACar", "RentACar\RentACar.csproj", "{82C274B5-B777-4DE5-9F89-4B47E51AB21D}"
EndProject
Global
	GlobalSection(SolutionConfigurationPlatforms) = preSolution
		Debug|Any CPU = Debug|Any CPU
		Release|Any CPU = Release|Any CPU
	EndGlobalSection
	GlobalSection(ProjectConfigurationPlatforms) = postSolution
		{82C274B5-B777-4DE5-9F89-4B47E51AB21D}.Debug|Any CPU.ActiveCfg = Debug|Any CPU
		{82C274B5-B777-4DE5-9F89-4B47E51AB21D}.Debug|Any CPU.Build.0 = Debug|Any CPU
		{82C274B5-B777-4DE5-9F89-4B47E51AB21D}.Release|Any CPU.ActiveCfg = Release|Any CPU
		{82C274B5-B777-4DE5-9F89-4B47E51AB21D}.Release|Any CPU.Build.0 = Release|Any CPU
	EndGlobalSection
	GlobalSection(SolutionProperties) = preSolution
		HideSolutionNode = FALSE
	EndGlobalSection
	GlobalSection(ExtensibilityGlobals) = postSolution
		SolutionGuid = {5A191AA3-80FA-4C3E-BF35-2FC34BD2784C}
	EndGlobalSection
EndGlobal
